
Microsoft Visual Studio Solution File, Format Version 12.00
# Visual Studio 2013
VisualStudioVersion = 12.0.40629.0
MinimumVisualStudioVersion = 10.0.40219.1
Project("{8BC9CEB8-8B4A-11D0-8D11-00A0C91BC942}") = "WindowsGui", "WindowsGui\WindowsGui.vcxproj", "{C69459BB-F5C0-4611-A117-3BA899362711}"
EndProject
Project("{8BC9CEB8-8B4A-11D0-8D11-00A0C91BC942}") = "ScreenSize", "ScreenSize\ScreenSize.vcxproj", "{EC3FE3FD-CE08-4526-B575-A3AE0487453B}"
EndProject
Project("{8BC9CEB8-8B4A-11D0-8D11-00A0C91BC942}") = "WinStrFunctions", "WinStrFunctions\WinStrFunctions.vcxproj", "{5426368C-73E8-4E64-9806-30C8942395EF}"
EndProject
Project("{8BC9CEB8-8B4A-11D0-8D11-00A0C91BC942}") = "HelloWin", "HelloWin\HelloWin.vcxproj", "{B1919683-8A24-4DE6-BD61-B36A3FA08671}"
EndProject
Global
	GlobalSection(SolutionConfigurationPlatforms) = preSolution
		Debug|Win32 = Debug|Win32
		Release|Win32 = Release|Win32
	EndGlobalSection
	GlobalSection(ProjectConfigurationPlatforms) = postSolution
		{C69459BB-F5C0-4611-A117-3BA899362711}.Debug|Win32.ActiveCfg = Debug|Win32
		{C69459BB-F5C0-4611-A117-3BA899362711}.Debug|Win32.Build.0 = Debug|Win32
		{C69459BB-F5C0-4611-A117-3BA899362711}.Release|Win32.ActiveCfg = Release|Win32
		{C69459BB-F5C0-4611-A117-3BA899362711}.Release|Win32.Build.0 = Release|Win32
		{EC3FE3FD-CE08-4526-B575-A3AE0487453B}.Debug|Win32.ActiveCfg = Debug|Win32
		{EC3FE3FD-CE08-4526-B575-A3AE0487453B}.Debug|Win32.Build.0 = Debug|Win32
		{EC3FE3FD-CE08-4526-B575-A3AE0487453B}.Release|Win32.ActiveCfg = Release|Win32
		{EC3FE3FD-CE08-4526-B575-A3AE0487453B}.Release|Win32.Build.0 = Release|Win32
		{5426368C-73E8-4E64-9806-30C8942395EF}.Debug|Win32.ActiveCfg = Debug|Win32
		{5426368C-73E8-4E64-9806-30C8942395EF}.Debug|Win32.Build.0 = Debug|Win32
		{5426368C-73E8-4E64-9806-30C8942395EF}.Release|Win32.ActiveCfg = Release|Win32
		{5426368C-73E8-4E64-9806-30C8942395EF}.Release|Win32.Build.0 = Release|Win32
		{B1919683-8A24-4DE6-BD61-B36A3FA08671}.Debug|Win32.ActiveCfg = Debug|Win32
		{B1919683-8A24-4DE6-BD61-B36A3FA08671}.Debug|Win32.Build.0 = Debug|Win32
		{B1919683-8A24-4DE6-BD61-B36A3FA08671}.Release|Win32.ActiveCfg = Release|Win32
		{B1919683-8A24-4DE6-BD61-B36A3FA08671}.Release|Win32.Build.0 = Release|Win32
	EndGlobalSection
	GlobalSection(SolutionProperties) = preSolution
		HideSolutionNode = FALSE
	EndGlobalSection
EndGlobal
